
Microsoft Visual Studio Solution File, Format Version 12.00
# Visual Studio Version 17
VisualStudioVersion = 17.7.34202.233
MinimumVisualStudioVersion = 10.0.40219.1
Project("{FAE04EC0-301F-11D3-BF4B-00C04F79EFBC}") = "AntiDebugLib", "AntiDebugLib\AntiDebugLib.csproj", "{65D618FF-4C9A-4EC1-BA5E-22864C2C2275}"
EndProject
Project("{8BC9CEB8-8B4A-11D0-8D11-00A0C91BC942}") = "AntiDebugLibNative", "AntiDebugLibNative\AntiDebugLibNative.vcxproj", "{7EB8CFF6-D74A-4FE0-A055-2B343376984D}"
EndProject
Project("{FAE04EC0-301F-11D3-BF4B-00C04F79EFBC}") = "AntiDebugSample", "AntiDebugSample\AntiDebugSample.csproj", "{ACD0DE73-7D3F-48DE-AE57-F7FF400246BF}"
EndProject
Global
	GlobalSection(SolutionConfigurationPlatforms) = preSolution
		Debug|Any CPU = Debug|Any CPU
		Debug|x64 = Debug|x64
		Debug|x86 = Debug|x86
		Release|Any CPU = Release|Any CPU
		Release|x64 = Release|x64
		Release|x86 = Release|x86
	EndGlobalSection
	GlobalSection(ProjectConfigurationPlatforms) = postSolution
		{65D618FF-4C9A-4EC1-BA5E-22864C2C2275}.Debug|Any CPU.ActiveCfg = Debug|Any CPU
		{65D618FF-4C9A-4EC1-BA5E-22864C2C2275}.Debug|Any CPU.Build.0 = Debug|Any CPU
		{65D618FF-4C9A-4EC1-BA5E-22864C2C2275}.Debug|x64.ActiveCfg = Debug|Any CPU
		{65D618FF-4C9A-4EC1-BA5E-22864C2C2275}.Debug|x64.Build.0 = Debug|Any CPU
		{65D618FF-4C9A-4EC1-BA5E-22864C2C2275}.Debug|x86.ActiveCfg = Debug|Any CPU
		{65D618FF-4C9A-4EC1-BA5E-22864C2C2275}.Debug|x86.Build.0 = Debug|Any CPU
		{65D618FF-4C9A-4EC1-BA5E-22864C2C2275}.Release|Any CPU.ActiveCfg = Release|Any CPU
		{65D618FF-4C9A-4EC1-BA5E-22864C2C2275}.Release|Any CPU.Build.0 = Release|Any CPU
		{65D618FF-4C9A-4EC1-BA5E-22864C2C2275}.Release|x64.ActiveCfg = Release|Any CPU
		{65D618FF-4C9A-4EC1-BA5E-22864C2C2275}.Release|x64.Build.0 = Release|Any CPU
		{65D618FF-4C9A-4EC1-BA5E-22864C2C2275}.Release|x86.ActiveCfg = Release|Any CPU
		{65D618FF-4C9A-4EC1-BA5E-22864C2C2275}.Release|x86.Build.0 = Release|Any CPU
		{7EB8CFF6-D74A-4FE0-A055-2B343376984D}.Debug|Any CPU.ActiveCfg = Debug|x64
		{7EB8CFF6-D74A-4FE0-A055-2B343376984D}.Debug|Any CPU.Build.0 = Debug|x64
		{7EB8CFF6-D74A-4FE0-A055-2B343376984D}.Debug|x64.ActiveCfg = Debug|x64
		{7EB8CFF6-D74A-4FE0-A055-2B343376984D}.Debug|x64.Build.0 = Debug|x64
		{7EB8CFF6-D74A-4FE0-A055-2B343376984D}.Debug|x86.ActiveCfg = Debug|Win32
		{7EB8CFF6-D74A-4FE0-A055-2B343376984D}.Debug|x86.Build.0 = Debug|Win32
		{7EB8CFF6-D74A-4FE0-A055-2B343376984D}.Release|Any CPU.ActiveCfg = Release|x64
		{7EB8CFF6-D74A-4FE0-A055-2B343376984D}.Release|Any CPU.Build.0 = Release|x64
		{7EB8CFF6-D74A-4FE0-A055-2B343376984D}.Release|x64.ActiveCfg = Release|x64
		{7EB8CFF6-D74A-4FE0-A055-2B343376984D}.Release|x64.Build.0 = Release|x64
		{7EB8CFF6-D74A-4FE0-A055-2B343376984D}.Release|x86.ActiveCfg = Release|Win32
		{7EB8CFF6-D74A-4FE0-A055-2B343376984D}.Release|x86.Build.0 = Release|Win32
		{ACD0DE73-7D3F-48DE-AE57-F7FF400246BF}.Debug|Any CPU.ActiveCfg = Debug|Any CPU
		{ACD0DE73-7D3F-48DE-AE57-F7FF400246BF}.Debug|Any CPU.Build.0 = Debug|Any CPU
		{ACD0DE73-7D3F-48DE-AE57-F7FF400246BF}.Debug|x64.ActiveCfg = Debug|Any CPU
		{ACD0DE73-7D3F-48DE-AE57-F7FF400246BF}.Debug|x64.Build.0 = Debug|Any CPU
		{ACD0DE73-7D3F-48DE-AE57-F7FF400246BF}.Debug|x86.ActiveCfg = Debug|Any CPU
		{ACD0DE73-7D3F-48DE-AE57-F7FF400246BF}.Debug|x86.Build.0 = Debug|Any CPU
		{ACD0DE73-7D3F-48DE-AE57-F7FF400246BF}.Release|Any CPU.ActiveCfg = Release|Any CPU
		{ACD0DE73-7D3F-48DE-AE57-F7FF400246BF}.Release|Any CPU.Build.0 = Release|Any CPU
		{ACD0DE73-7D3F-48DE-AE57-F7FF400246BF}.Release|x64.ActiveCfg = Release|Any CPU
		{ACD0DE73-7D3F-48DE-AE57-F7FF400246BF}.Release|x64.Build.0 = Release|Any CPU
		{ACD0DE73-7D3F-48DE-AE57-F7FF400246BF}.Release|x86.ActiveCfg = Release|Any CPU
		{ACD0DE73-7D3F-48DE-AE57-F7FF400246BF}.Release|x86.Build.0 = Release|Any CPU
	EndGlobalSection
	GlobalSection(SolutionProperties) = preSolution
		HideSolutionNode = FALSE
	EndGlobalSection
	GlobalSection(ExtensibilityGlobals) = postSolution
		SolutionGuid = {09D369A1-B111-43E1-8AE8-03EB14DF2C29}
	EndGlobalSection
EndGlobal
