
Microsoft Visual Studio Solution File, Format Version 12.00
# Visual Studio Version 17
VisualStudioVersion = 17.7.34202.233
MinimumVisualStudioVersion = 10.0.40219.1
Project("{FAE04EC0-301F-11D3-BF4B-00C04F79EFBC}") = "AntiDebugLib", "AntiDebugLib\AntiDebugLib.csproj", "{8A18774B-5D8B-4D25-A9B9-E6DB7A1FEE9C}"
EndProject
Global
	GlobalSection(SolutionConfigurationPlatforms) = preSolution
		Debug|Any CPU = Debug|Any CPU
		Release|Any CPU = Release|Any CPU
	EndGlobalSection
	GlobalSection(ProjectConfigurationPlatforms) = postSolution
		{8A18774B-5D8B-4D25-A9B9-E6DB7A1FEE9C}.Debug|Any CPU.ActiveCfg = Debug|Any CPU
		{8A18774B-5D8B-4D25-A9B9-E6DB7A1FEE9C}.Debug|Any CPU.Build.0 = Debug|Any CPU
		{8A18774B-5D8B-4D25-A9B9-E6DB7A1FEE9C}.Release|Any CPU.ActiveCfg = Release|Any CPU
		{8A18774B-5D8B-4D25-A9B9-E6DB7A1FEE9C}.Release|Any CPU.Build.0 = Release|Any CPU
	EndGlobalSection
	GlobalSection(SolutionProperties) = preSolution
		HideSolutionNode = FALSE
	EndGlobalSection
	GlobalSection(ExtensibilityGlobals) = postSolution
		SolutionGuid = {09D369A1-B111-43E1-8AE8-03EB14DF2C29}
	EndGlobalSection
EndGlobal
